// !$*UTF8*$!
{
	archiveVersion = 1;
	classes = {
	};
	objectVersion = 50;
	objects = {

/* Begin PBXBuildFile section */
		80F570D526CD534200E5A552 /* AppDelegate.swift in Sources */ = {isa = PBXBuildFile; fileRef = 80F570D426CD534200E5A552 /* AppDelegate.swift */; };
		80F570D726CD534200E5A552 /* ContentView.swift in Sources */ = {isa = PBXBuildFile; fileRef = 80F570D626CD534200E5A552 /* ContentView.swift */; };
		80F570D926CD534500E5A552 /* Assets.xcassets in Resources */ = {isa = PBXBuildFile; fileRef = 80F570D826CD534500E5A552 /* Assets.xcassets */; };
		80F570DC26CD534500E5A552 /* Preview Assets.xcassets in Resources */ = {isa = PBXBuildFile; fileRef = 80F570DB26CD534500E5A552 /* Preview Assets.xcassets */; };
		80F570DF26CD534500E5A552 /* Main.storyboard in Resources */ = {isa = PBXBuildFile; fileRef = 80F570DD26CD534500E5A552 /* Main.storyboard */; };
		80F570EB26CD534600E5A552 /* wssocks_ustb_clientTests.swift in Sources */ = {isa = PBXBuildFile; fileRef = 80F570EA26CD534600E5A552 /* wssocks_ustb_clientTests.swift */; };
		80F570F626CD534600E5A552 /* wssocks_ustb_clientUITests.swift in Sources */ = {isa = PBXBuildFile; fileRef = 80F570F526CD534600E5A552 /* wssocks_ustb_clientUITests.swift */; };
		80F5710426CD55BE00E5A552 /* MacExtrasConfigurator.swift in Sources */ = {isa = PBXBuildFile; fileRef = 80F5710326CD55BE00E5A552 /* MacExtrasConfigurator.swift */; };
		80F5710626CE252400E5A552 /* wssocksClientApi.swift in Sources */ = {isa = PBXBuildFile; fileRef = 80F5710526CE252400E5A552 /* wssocksClientApi.swift */; };
/* End PBXBuildFile section */

/* Begin PBXContainerItemProxy section */
		80F570E726CD534600E5A552 /* PBXContainerItemProxy */ = {
			isa = PBXContainerItemProxy;
			containerPortal = 80F570C926CD534200E5A552 /* Project object */;
			proxyType = 1;
			remoteGlobalIDString = 80F570D026CD534200E5A552;
			remoteInfo = "wssocks-ustb-client";
		};
		80F570F226CD534600E5A552 /* PBXContainerItemProxy */ = {
			isa = PBXContainerItemProxy;
			containerPortal = 80F570C926CD534200E5A552 /* Project object */;
			proxyType = 1;
			remoteGlobalIDString = 80F570D026CD534200E5A552;
			remoteInfo = "wssocks-ustb-client";
		};
/* End PBXContainerItemProxy section */

/* Begin PBXFileReference section */
		80F570D126CD534200E5A552 /* wssocks-ustb-client.app */ = {isa = PBXFileReference; explicitFileType = wrapper.application; includeInIndex = 0; path = "wssocks-ustb-client.app"; sourceTree = BUILT_PRODUCTS_DIR; };
		80F570D426CD534200E5A552 /* AppDelegate.swift */ = {isa = PBXFileReference; lastKnownFileType = sourcecode.swift; path = AppDelegate.swift; sourceTree = "<group>"; };
		80F570D626CD534200E5A552 /* ContentView.swift */ = {isa = PBXFileReference; lastKnownFileType = sourcecode.swift; path = ContentView.swift; sourceTree = "<group>"; };
		80F570D826CD534500E5A552 /* Assets.xcassets */ = {isa = PBXFileReference; lastKnownFileType = folder.assetcatalog; path = Assets.xcassets; sourceTree = "<group>"; };
		80F570DB26CD534500E5A552 /* Preview Assets.xcassets */ = {isa = PBXFileReference; lastKnownFileType = folder.assetcatalog; path = "Preview Assets.xcassets"; sourceTree = "<group>"; };
		80F570DE26CD534500E5A552 /* Base */ = {isa = PBXFileReference; lastKnownFileType = file.storyboard; name = Base; path = Base.lproj/Main.storyboard; sourceTree = "<group>"; };
		80F570E026CD534500E5A552 /* Info.plist */ = {isa = PBXFileReference; lastKnownFileType = text.plist.xml; path = Info.plist; sourceTree = "<group>"; };
		80F570E126CD534500E5A552 /* wssocks_ustb_client.entitlements */ = {isa = PBXFileReference; lastKnownFileType = text.plist.entitlements; path = wssocks_ustb_client.entitlements; sourceTree = "<group>"; };
		80F570E626CD534600E5A552 /* wssocks-ustb-clientTests.xctest */ = {isa = PBXFileReference; explicitFileType = wrapper.cfbundle; includeInIndex = 0; path = "wssocks-ustb-clientTests.xctest"; sourceTree = BUILT_PRODUCTS_DIR; };
		80F570EA26CD534600E5A552 /* wssocks_ustb_clientTests.swift */ = {isa = PBXFileReference; lastKnownFileType = sourcecode.swift; path = wssocks_ustb_clientTests.swift; sourceTree = "<group>"; };
		80F570EC26CD534600E5A552 /* Info.plist */ = {isa = PBXFileReference; lastKnownFileType = text.plist.xml; path = Info.plist; sourceTree = "<group>"; };
		80F570F126CD534600E5A552 /* wssocks-ustb-clientUITests.xctest */ = {isa = PBXFileReference; explicitFileType = wrapper.cfbundle; includeInIndex = 0; path = "wssocks-ustb-clientUITests.xctest"; sourceTree = BUILT_PRODUCTS_DIR; };
		80F570F526CD534600E5A552 /* wssocks_ustb_clientUITests.swift */ = {isa = PBXFileReference; lastKnownFileType = sourcecode.swift; path = wssocks_ustb_clientUITests.swift; sourceTree = "<group>"; };
		80F570F726CD534600E5A552 /* Info.plist */ = {isa = PBXFileReference; lastKnownFileType = text.plist.xml; path = Info.plist; sourceTree = "<group>"; };
		80F5710326CD55BE00E5A552 /* MacExtrasConfigurator.swift */ = {isa = PBXFileReference; lastKnownFileType = sourcecode.swift; path = MacExtrasConfigurator.swift; sourceTree = "<group>"; };
		80F5710526CE252400E5A552 /* wssocksClientApi.swift */ = {isa = PBXFileReference; lastKnownFileType = sourcecode.swift; path = wssocksClientApi.swift; sourceTree = "<group>"; };
/* End PBXFileReference section */

/* Begin PBXFrameworksBuildPhase section */
		80F570CE26CD534200E5A552 /* Frameworks */ = {
			isa = PBXFrameworksBuildPhase;
			buildActionMask = 2147483647;
			files = (
			);
			runOnlyForDeploymentPostprocessing = 0;
		};
		80F570E326CD534600E5A552 /* Frameworks */ = {
			isa = PBXFrameworksBuildPhase;
			buildActionMask = 2147483647;
			files = (
			);
			runOnlyForDeploymentPostprocessing = 0;
		};
		80F570EE26CD534600E5A552 /* Frameworks */ = {
			isa = PBXFrameworksBuildPhase;
			buildActionMask = 2147483647;
			files = (
			);
			runOnlyForDeploymentPostprocessing = 0;
		};
/* End PBXFrameworksBuildPhase section */

/* Begin PBXGroup section */
		80F570C826CD534200E5A552 = {
			isa = PBXGroup;
			children = (
				80F570D326CD534200E5A552 /* wssocks-ustb-client */,
				80F570E926CD534600E5A552 /* wssocks-ustb-clientTests */,
				80F570F426CD534600E5A552 /* wssocks-ustb-clientUITests */,
				80F570D226CD534200E5A552 /* Products */,
			);
			sourceTree = "<group>";
		};
		80F570D226CD534200E5A552 /* Products */ = {
			isa = PBXGroup;
			children = (
				80F570D126CD534200E5A552 /* wssocks-ustb-client.app */,
				80F570E626CD534600E5A552 /* wssocks-ustb-clientTests.xctest */,
				80F570F126CD534600E5A552 /* wssocks-ustb-clientUITests.xctest */,
			);
			name = Products;
			sourceTree = "<group>";
		};
		80F570D326CD534200E5A552 /* wssocks-ustb-client */ = {
			isa = PBXGroup;
			children = (
				80F570D426CD534200E5A552 /* AppDelegate.swift */,
				80F570D626CD534200E5A552 /* ContentView.swift */,
				80F570D826CD534500E5A552 /* Assets.xcassets */,
				80F570DD26CD534500E5A552 /* Main.storyboard */,
				80F570E026CD534500E5A552 /* Info.plist */,
				80F570E126CD534500E5A552 /* wssocks_ustb_client.entitlements */,
				80F570DA26CD534500E5A552 /* Preview Content */,
				80F5710326CD55BE00E5A552 /* MacExtrasConfigurator.swift */,
				80F5710526CE252400E5A552 /* wssocksClientApi.swift */,
			);
			path = "wssocks-ustb-client";
			sourceTree = "<group>";
		};
		80F570DA26CD534500E5A552 /* Preview Content */ = {
			isa = PBXGroup;
			children = (
				80F570DB26CD534500E5A552 /* Preview Assets.xcassets */,
			);
			path = "Preview Content";
			sourceTree = "<group>";
		};
		80F570E926CD534600E5A552 /* wssocks-ustb-clientTests */ = {
			isa = PBXGroup;
			children = (
				80F570EA26CD534600E5A552 /* wssocks_ustb_clientTests.swift */,
				80F570EC26CD534600E5A552 /* Info.plist */,
			);
			path = "wssocks-ustb-clientTests";
			sourceTree = "<group>";
		};
		80F570F426CD534600E5A552 /* wssocks-ustb-clientUITests */ = {
			isa = PBXGroup;
			children = (
				80F570F526CD534600E5A552 /* wssocks_ustb_clientUITests.swift */,
				80F570F726CD534600E5A552 /* Info.plist */,
			);
			path = "wssocks-ustb-clientUITests";
			sourceTree = "<group>";
		};
/* End PBXGroup section */

/* Begin PBXNativeTarget section */
		80F570D026CD534200E5A552 /* wssocks-ustb-client */ = {
			isa = PBXNativeTarget;
			buildConfigurationList = 80F570FA26CD534600E5A552 /* Build configuration list for PBXNativeTarget "wssocks-ustb-client" */;
			buildPhases = (
				80F570CD26CD534200E5A552 /* Sources */,
				80F570CE26CD534200E5A552 /* Frameworks */,
				80F570CF26CD534200E5A552 /* Resources */,
			);
			buildRules = (
			);
			dependencies = (
			);
			name = "wssocks-ustb-client";
			productName = "wssocks-ustb-client";
			productReference = 80F570D126CD534200E5A552 /* wssocks-ustb-client.app */;
			productType = "com.apple.product-type.application";
		};
		80F570E526CD534600E5A552 /* wssocks-ustb-clientTests */ = {
			isa = PBXNativeTarget;
			buildConfigurationList = 80F570FD26CD534600E5A552 /* Build configuration list for PBXNativeTarget "wssocks-ustb-clientTests" */;
			buildPhases = (
				80F570E226CD534600E5A552 /* Sources */,
				80F570E326CD534600E5A552 /* Frameworks */,
				80F570E426CD534600E5A552 /* Resources */,
			);
			buildRules = (
			);
			dependencies = (
				80F570E826CD534600E5A552 /* PBXTargetDependency */,
			);
			name = "wssocks-ustb-clientTests";
			productName = "wssocks-ustb-clientTests";
			productReference = 80F570E626CD534600E5A552 /* wssocks-ustb-clientTests.xctest */;
			productType = "com.apple.product-type.bundle.unit-test";
		};
		80F570F026CD534600E5A552 /* wssocks-ustb-clientUITests */ = {
			isa = PBXNativeTarget;
			buildConfigurationList = 80F5710026CD534600E5A552 /* Build configuration list for PBXNativeTarget "wssocks-ustb-clientUITests" */;
			buildPhases = (
				80F570ED26CD534600E5A552 /* Sources */,
				80F570EE26CD534600E5A552 /* Frameworks */,
				80F570EF26CD534600E5A552 /* Resources */,
			);
			buildRules = (
			);
			dependencies = (
				80F570F326CD534600E5A552 /* PBXTargetDependency */,
			);
			name = "wssocks-ustb-clientUITests";
			productName = "wssocks-ustb-clientUITests";
			productReference = 80F570F126CD534600E5A552 /* wssocks-ustb-clientUITests.xctest */;
			productType = "com.apple.product-type.bundle.ui-testing";
		};
/* End PBXNativeTarget section */

/* Begin PBXProject section */
		80F570C926CD534200E5A552 /* Project object */ = {
			isa = PBXProject;
			attributes = {
				LastSwiftUpdateCheck = 1250;
				LastUpgradeCheck = 1250;
				TargetAttributes = {
					80F570D026CD534200E5A552 = {
						CreatedOnToolsVersion = 12.5.1;
					};
					80F570E526CD534600E5A552 = {
						CreatedOnToolsVersion = 12.5.1;
						TestTargetID = 80F570D026CD534200E5A552;
					};
					80F570F026CD534600E5A552 = {
						CreatedOnToolsVersion = 12.5.1;
						TestTargetID = 80F570D026CD534200E5A552;
					};
				};
			};
			buildConfigurationList = 80F570CC26CD534200E5A552 /* Build configuration list for PBXProject "wssocks-ustb-client" */;
			compatibilityVersion = "Xcode 9.3";
			developmentRegion = en;
			hasScannedForEncodings = 0;
			knownRegions = (
				en,
				Base,
			);
			mainGroup = 80F570C826CD534200E5A552;
			productRefGroup = 80F570D226CD534200E5A552 /* Products */;
			projectDirPath = "";
			projectRoot = "";
			targets = (
				80F570D026CD534200E5A552 /* wssocks-ustb-client */,
				80F570E526CD534600E5A552 /* wssocks-ustb-clientTests */,
				80F570F026CD534600E5A552 /* wssocks-ustb-clientUITests */,
			);
		};
/* End PBXProject section */

/* Begin PBXResourcesBuildPhase section */
		80F570CF26CD534200E5A552 /* Resources */ = {
			isa = PBXResourcesBuildPhase;
			buildActionMask = 2147483647;
			files = (
				80F570DF26CD534500E5A552 /* Main.storyboard in Resources */,
				80F570DC26CD534500E5A552 /* Preview Assets.xcassets in Resources */,
				80F570D926CD534500E5A552 /* Assets.xcassets in Resources */,
			);
			runOnlyForDeploymentPostprocessing = 0;
		};
		80F570E426CD534600E5A552 /* Resources */ = {
			isa = PBXResourcesBuildPhase;
			buildActionMask = 2147483647;
			files = (
			);
			runOnlyForDeploymentPostprocessing = 0;
		};
		80F570EF26CD534600E5A552 /* Resources */ = {
			isa = PBXResourcesBuildPhase;
			buildActionMask = 2147483647;
			files = (
			);
			runOnlyForDeploymentPostprocessing = 0;
		};
/* End PBXResourcesBuildPhase section */

/* Begin PBXSourcesBuildPhase section */
		80F570CD26CD534200E5A552 /* Sources */ = {
			isa = PBXSourcesBuildPhase;
			buildActionMask = 2147483647;
			files = (
				80F570D726CD534200E5A552 /* ContentView.swift in Sources */,
				80F5710426CD55BE00E5A552 /* MacExtrasConfigurator.swift in Sources */,
				80F570D526CD534200E5A552 /* AppDelegate.swift in Sources */,
				80F5710626CE252400E5A552 /* wssocksClientApi.swift in Sources */,
			);
			runOnlyForDeploymentPostprocessing = 0;
		};
		80F570E226CD534600E5A552 /* Sources */ = {
			isa = PBXSourcesBuildPhase;
			buildActionMask = 2147483647;
			files = (
				80F570EB26CD534600E5A552 /* wssocks_ustb_clientTests.swift in Sources */,
			);
			runOnlyForDeploymentPostprocessing = 0;
		};
		80F570ED26CD534600E5A552 /* Sources */ = {
			isa = PBXSourcesBuildPhase;
			buildActionMask = 2147483647;
			files = (
				80F570F626CD534600E5A552 /* wssocks_ustb_clientUITests.swift in Sources */,
			);
			runOnlyForDeploymentPostprocessing = 0;
		};
/* End PBXSourcesBuildPhase section */

/* Begin PBXTargetDependency section */
		80F570E826CD534600E5A552 /* PBXTargetDependency */ = {
			isa = PBXTargetDependency;
			target = 80F570D026CD534200E5A552 /* wssocks-ustb-client */;
			targetProxy = 80F570E726CD534600E5A552 /* PBXContainerItemProxy */;
		};
		80F570F326CD534600E5A552 /* PBXTargetDependency */ = {
			isa = PBXTargetDependency;
			target = 80F570D026CD534200E5A552 /* wssocks-ustb-client */;
			targetProxy = 80F570F226CD534600E5A552 /* PBXContainerItemProxy */;
		};
/* End PBXTargetDependency section */

/* Begin PBXVariantGroup section */
		80F570DD26CD534500E5A552 /* Main.storyboard */ = {
			isa = PBXVariantGroup;
			children = (
				80F570DE26CD534500E5A552 /* Base */,
			);
			name = Main.storyboard;
			sourceTree = "<group>";
		};
/* End PBXVariantGroup section */

/* Begin XCBuildConfiguration section */
		80F570F826CD534600E5A552 /* Debug */ = {
			isa = XCBuildConfiguration;
			buildSettings = {
				ALWAYS_SEARCH_USER_PATHS = NO;
				CLANG_ANALYZER_NONNULL = YES;
				CLANG_ANALYZER_NUMBER_OBJECT_CONVERSION = YES_AGGRESSIVE;
				CLANG_CXX_LANGUAGE_STANDARD = "gnu++14";
				CLANG_CXX_LIBRARY = "libc++";
				CLANG_ENABLE_MODULES = YES;
				CLANG_ENABLE_OBJC_ARC = YES;
				CLANG_ENABLE_OBJC_WEAK = YES;
				CLANG_WARN_BLOCK_CAPTURE_AUTORELEASING = YES;
				CLANG_WARN_BOOL_CONVERSION = YES;
				CLANG_WARN_COMMA = YES;
				CLANG_WARN_CONSTANT_CONVERSION = YES;
				CLANG_WARN_DEPRECATED_OBJC_IMPLEMENTATIONS = YES;
				CLANG_WARN_DIRECT_OBJC_ISA_USAGE = YES_ERROR;
				CLANG_WARN_DOCUMENTATION_COMMENTS = YES;
				CLANG_WARN_EMPTY_BODY = YES;
				CLANG_WARN_ENUM_CONVERSION = YES;
				CLANG_WARN_INFINITE_RECURSION = YES;
				CLANG_WARN_INT_CONVERSION = YES;
				CLANG_WARN_NON_LITERAL_NULL_CONVERSION = YES;
				CLANG_WARN_OBJC_IMPLICIT_RETAIN_SELF = YES;
				CLANG_WARN_OBJC_LITERAL_CONVERSION = YES;
				CLANG_WARN_OBJC_ROOT_CLASS = YES_ERROR;
				CLANG_WARN_QUOTED_INCLUDE_IN_FRAMEWORK_HEADER = YES;
				CLANG_WARN_RANGE_LOOP_ANALYSIS = YES;
				CLANG_WARN_STRICT_PROTOTYPES = YES;
				CLANG_WARN_SUSPICIOUS_MOVE = YES;
				CLANG_WARN_UNGUARDED_AVAILABILITY = YES_AGGRESSIVE;
				CLANG_WARN_UNREACHABLE_CODE = YES;
				CLANG_WARN__DUPLICATE_METHOD_MATCH = YES;
				COPY_PHASE_STRIP = NO;
				DEBUG_INFORMATION_FORMAT = dwarf;
				ENABLE_STRICT_OBJC_MSGSEND = YES;
				ENABLE_TESTABILITY = YES;
				GCC_C_LANGUAGE_STANDARD = gnu11;
				GCC_DYNAMIC_NO_PIC = NO;
				GCC_NO_COMMON_BLOCKS = YES;
				GCC_OPTIMIZATION_LEVEL = 0;
				GCC_PREPROCESSOR_DEFINITIONS = (
					"DEBUG=1",
					"$(inherited)",
				);
				GCC_WARN_64_TO_32_BIT_CONVERSION = YES;
				GCC_WARN_ABOUT_RETURN_TYPE = YES_ERROR;
				GCC_WARN_UNDECLARED_SELECTOR = YES;
				GCC_WARN_UNINITIALIZED_AUTOS = YES_AGGRESSIVE;
				GCC_WARN_UNUSED_FUNCTION = YES;
				GCC_WARN_UNUSED_VARIABLE = YES;
				MACOSX_DEPLOYMENT_TARGET = 11.3;
				MTL_ENABLE_DEBUG_INFO = INCLUDE_SOURCE;
				MTL_FAST_MATH = YES;
				ONLY_ACTIVE_ARCH = YES;
				SDKROOT = macosx;
				SWIFT_ACTIVE_COMPILATION_CONDITIONS = DEBUG;
				SWIFT_OPTIMIZATION_LEVEL = "-Onone";
			};
			name = Debug;
		};
		80F570F926CD534600E5A552 /* Release */ = {
			isa = XCBuildConfiguration;
			buildSettings = {
				ALWAYS_SEARCH_USER_PATHS = NO;
				CLANG_ANALYZER_NONNULL = YES;
				CLANG_ANALYZER_NUMBER_OBJECT_CONVERSION = YES_AGGRESSIVE;
				CLANG_CXX_LANGUAGE_STANDARD = "gnu++14";
				CLANG_CXX_LIBRARY = "libc++";
				CLANG_ENABLE_MODULES = YES;
				CLANG_ENABLE_OBJC_ARC = YES;
				CLANG_ENABLE_OBJC_WEAK = YES;
				CLANG_WARN_BLOCK_CAPTURE_AUTORELEASING = YES;
				CLANG_WARN_BOOL_CONVERSION = YES;
				CLANG_WARN_COMMA = YES;
				CLANG_WARN_CONSTANT_CONVERSION = YES;
				CLANG_WARN_DEPRECATED_OBJC_IMPLEMENTATIONS = YES;
				CLANG_WARN_DIRECT_OBJC_ISA_USAGE = YES_ERROR;
				CLANG_WARN_DOCUMENTATION_COMMENTS = YES;
				CLANG_WARN_EMPTY_BODY = YES;
				CLANG_WARN_ENUM_CONVERSION = YES;
				CLANG_WARN_INFINITE_RECURSION = YES;
				CLANG_WARN_INT_CONVERSION = YES;
				CLANG_WARN_NON_LITERAL_NULL_CONVERSION = YES;
				CLANG_WARN_OBJC_IMPLICIT_RETAIN_SELF = YES;
				CLANG_WARN_OBJC_LITERAL_CONVERSION = YES;
				CLANG_WARN_OBJC_ROOT_CLASS = YES_ERROR;
				CLANG_WARN_QUOTED_INCLUDE_IN_FRAMEWORK_HEADER = YES;
				CLANG_WARN_RANGE_LOOP_ANALYSIS = YES;
				CLANG_WARN_STRICT_PROTOTYPES = YES;
				CLANG_WARN_SUSPICIOUS_MOVE = YES;
				CLANG_WARN_UNGUARDED_AVAILABILITY = YES_AGGRESSIVE;
				CLANG_WARN_UNREACHABLE_CODE = YES;
				CLANG_WARN__DUPLICATE_METHOD_MATCH = YES;
				COPY_PHASE_STRIP = NO;
				DEBUG_INFORMATION_FORMAT = "dwarf-with-dsym";
				ENABLE_NS_ASSERTIONS = NO;
				ENABLE_STRICT_OBJC_MSGSEND = YES;
				GCC_C_LANGUAGE_STANDARD = gnu11;
				GCC_NO_COMMON_BLOCKS = YES;
				GCC_WARN_64_TO_32_BIT_CONVERSION = YES;
				GCC_WARN_ABOUT_RETURN_TYPE = YES_ERROR;
				GCC_WARN_UNDECLARED_SELECTOR = YES;
				GCC_WARN_UNINITIALIZED_AUTOS = YES_AGGRESSIVE;
				GCC_WARN_UNUSED_FUNCTION = YES;
				GCC_WARN_UNUSED_VARIABLE = YES;
				MACOSX_DEPLOYMENT_TARGET = 11.3;
				MTL_ENABLE_DEBUG_INFO = NO;
				MTL_FAST_MATH = YES;
				SDKROOT = macosx;
				SWIFT_COMPILATION_MODE = wholemodule;
				SWIFT_OPTIMIZATION_LEVEL = "-O";
			};
			name = Release;
		};
		80F570FB26CD534600E5A552 /* Debug */ = {
			isa = XCBuildConfiguration;
			buildSettings = {
				ASSETCATALOG_COMPILER_APPICON_NAME = AppIcon;
				ASSETCATALOG_COMPILER_GLOBAL_ACCENT_COLOR_NAME = AccentColor;
				CODE_SIGN_ENTITLEMENTS = "wssocks-ustb-client/wssocks_ustb_client.entitlements";
				CODE_SIGN_STYLE = Automatic;
				COMBINE_HIDPI_IMAGES = YES;
				DEVELOPMENT_ASSET_PATHS = "\"wssocks-ustb-client/Preview Content\"";
				DEVELOPMENT_TEAM = 225G88CH2L;
				ENABLE_HARDENED_RUNTIME = YES;
				ENABLE_PREVIEWS = YES;
				EXCLUDED_ARCHS = arm64;
				HEADER_SEARCH_PATHS = "$(SRCROOT)";
				INFOPLIST_FILE = "wssocks-ustb-client/Info.plist";
				LD_RUNPATH_SEARCH_PATHS = (
					"$(inherited)",
					"@executable_path/../Frameworks",
				);
				LIBRARY_SEARCH_PATHS = "$(SRCROOT)/../extra/go-api";
				MACOSX_DEPLOYMENT_TARGET = 10.15;
				PRODUCT_BUNDLE_IDENTIFIER = "com.github.genshen.wssocks-ustb-client";
				PRODUCT_NAME = "$(TARGET_NAME)";
				SWIFT_VERSION = 5.0;
			};
			name = Debug;
		};
		80F570FC26CD534600E5A552 /* Release */ = {
			isa = XCBuildConfiguration;
			buildSettings = {
				ASSETCATALOG_COMPILER_APPICON_NAME = AppIcon;
				ASSETCATALOG_COMPILER_GLOBAL_ACCENT_COLOR_NAME = AccentColor;
				CODE_SIGN_ENTITLEMENTS = "wssocks-ustb-client/wssocks_ustb_client.entitlements";
				CODE_SIGN_STYLE = Automatic;
				COMBINE_HIDPI_IMAGES = YES;
				DEVELOPMENT_ASSET_PATHS = "\"wssocks-ustb-client/Preview Content\"";
				DEVELOPMENT_TEAM = 225G88CH2L;
				ENABLE_HARDENED_RUNTIME = YES;
				ENABLE_PREVIEWS = YES;
				EXCLUDED_ARCHS = arm64;
				HEADER_SEARCH_PATHS = "$(SRCROOT)";
				INFOPLIST_FILE = "wssocks-ustb-client/Info.plist";
				LD_RUNPATH_SEARCH_PATHS = (
					"$(inherited)",
					"@executable_path/../Frameworks",
				);
				LIBRARY_SEARCH_PATHS = "$(SRCROOT)/../extra/go-api";
				MACOSX_DEPLOYMENT_TARGET = 10.15;
				PRODUCT_BUNDLE_IDENTIFIER = "com.github.genshen.wssocks-ustb-client";
				PRODUCT_NAME = "$(TARGET_NAME)";
				SWIFT_VERSION = 5.0;
			};
			name = Release;
		};
		80F570FE26CD534600E5A552 /* Debug */ = {
			isa = XCBuildConfiguration;
			buildSettings = {
				ALWAYS_EMBED_SWIFT_STANDARD_LIBRARIES = YES;
				BUNDLE_LOADER = "$(TEST_HOST)";
				CODE_SIGN_STYLE = Automatic;
				COMBINE_HIDPI_IMAGES = YES;
				DEVELOPMENT_TEAM = 225G88CH2L;
				INFOPLIST_FILE = "wssocks-ustb-clientTests/Info.plist";
				LD_RUNPATH_SEARCH_PATHS = (
					"$(inherited)",
					"@executable_path/../Frameworks",
					"@loader_path/../Frameworks",
				);
				MACOSX_DEPLOYMENT_TARGET = 10.15;
				PRODUCT_BUNDLE_IDENTIFIER = "com.github.genshen.wssocks-ustb-clientTests";
				PRODUCT_NAME = "$(TARGET_NAME)";
				SWIFT_VERSION = 5.0;
				TEST_HOST = "$(BUILT_PRODUCTS_DIR)/wssocks-ustb-client.app/Contents/MacOS/wssocks-ustb-client";
			};
			name = Debug;
		};
		80F570FF26CD534600E5A552 /* Release */ = {
			isa = XCBuildConfiguration;
			buildSettings = {
				ALWAYS_EMBED_SWIFT_STANDARD_LIBRARIES = YES;
				BUNDLE_LOADER = "$(TEST_HOST)";
				CODE_SIGN_STYLE = Automatic;
				COMBINE_HIDPI_IMAGES = YES;
				DEVELOPMENT_TEAM = 225G88CH2L;
				INFOPLIST_FILE = "wssocks-ustb-clientTests/Info.plist";
				LD_RUNPATH_SEARCH_PATHS = (
					"$(inherited)",
					"@executable_path/../Frameworks",
					"@loader_path/../Frameworks",
				);
				MACOSX_DEPLOYMENT_TARGET = 10.15;
				PRODUCT_BUNDLE_IDENTIFIER = "com.github.genshen.wssocks-ustb-clientTests";
				PRODUCT_NAME = "$(TARGET_NAME)";
				SWIFT_VERSION = 5.0;
				TEST_HOST = "$(BUILT_PRODUCTS_DIR)/wssocks-ustb-client.app/Contents/MacOS/wssocks-ustb-client";
			};
			name = Release;
		};
		80F5710126CD534600E5A552 /* Debug */ = {
			isa = XCBuildConfiguration;
			buildSettings = {
				ALWAYS_EMBED_SWIFT_STANDARD_LIBRARIES = YES;
				CODE_SIGN_STYLE = Automatic;
				COMBINE_HIDPI_IMAGES = YES;
				DEVELOPMENT_TEAM = 225G88CH2L;
				INFOPLIST_FILE = "wssocks-ustb-clientUITests/Info.plist";
				LD_RUNPATH_SEARCH_PATHS = (
					"$(inherited)",
					"@executable_path/../Frameworks",
					"@loader_path/../Frameworks",
				);
				PRODUCT_BUNDLE_IDENTIFIER = "com.github.genshen.wssocks-ustb-clientUITests";
				PRODUCT_NAME = "$(TARGET_NAME)";
				SWIFT_VERSION = 5.0;
				TEST_TARGET_NAME = "wssocks-ustb-client";
			};
			name = Debug;
		};
		80F5710226CD534600E5A552 /* Release */ = {
			isa = XCBuildConfiguration;
			buildSettings = {
				ALWAYS_EMBED_SWIFT_STANDARD_LIBRARIES = YES;
				CODE_SIGN_STYLE = Automatic;
				COMBINE_HIDPI_IMAGES = YES;
				DEVELOPMENT_TEAM = 225G88CH2L;
				INFOPLIST_FILE = "wssocks-ustb-clientUITests/Info.plist";
				LD_RUNPATH_SEARCH_PATHS = (
					"$(inherited)",
					"@executable_path/../Frameworks",
					"@loader_path/../Frameworks",
				);
				PRODUCT_BUNDLE_IDENTIFIER = "com.github.genshen.wssocks-ustb-clientUITests";
				PRODUCT_NAME = "$(TARGET_NAME)";
				SWIFT_VERSION = 5.0;
				TEST_TARGET_NAME = "wssocks-ustb-client";
			};
			name = Release;
		};
/* End XCBuildConfiguration section */

/* Begin XCConfigurationList section */
		80F570CC26CD534200E5A552 /* Build configuration list for PBXProject "wssocks-ustb-client" */ = {
			isa = XCConfigurationList;
			buildConfigurations = (
				80F570F826CD534600E5A552 /* Debug */,
				80F570F926CD534600E5A552 /* Release */,
			);
			defaultConfigurationIsVisible = 0;
			defaultConfigurationName = Release;
		};
		80F570FA26CD534600E5A552 /* Build configuration list for PBXNativeTarget "wssocks-ustb-client" */ = {
			isa = XCConfigurationList;
			buildConfigurations = (
				80F570FB26CD534600E5A552 /* Debug */,
				80F570FC26CD534600E5A552 /* Release */,
			);
			defaultConfigurationIsVisible = 0;
			defaultConfigurationName = Release;
		};
		80F570FD26CD534600E5A552 /* Build configuration list for PBXNativeTarget "wssocks-ustb-clientTests" */ = {
			isa = XCConfigurationList;
			buildConfigurations = (
				80F570FE26CD534600E5A552 /* Debug */,
				80F570FF26CD534600E5A552 /* Release */,
			);
			defaultConfigurationIsVisible = 0;
			defaultConfigurationName = Release;
		};
		80F5710026CD534600E5A552 /* Build configuration list for PBXNativeTarget "wssocks-ustb-clientUITests" */ = {
			isa = XCConfigurationList;
			buildConfigurations = (
				80F5710126CD534600E5A552 /* Debug */,
				80F5710226CD534600E5A552 /* Release */,
			);
			defaultConfigurationIsVisible = 0;
			defaultConfigurationName = Release;
		};
/* End XCConfigurationList section */
	};
	rootObject = 80F570C926CD534200E5A552 /* Project object */;
}
