// !$*UTF8*$!
{
	archiveVersion = 1;
	classes = {
	};
	objectVersion = 55;
	objects = {

/* Begin PBXBuildFile section */
		8021420E27BA823500643775 /* AppDelegate.swift in Sources */ = {isa = PBXBuildFile; fileRef = 8021420D27BA823500643775 /* AppDelegate.swift */; };
		8021421027BA823500643775 /* ContentView.swift in Sources */ = {isa = PBXBuildFile; fileRef = 8021420F27BA823500643775 /* ContentView.swift */; };
		8021421227BA823700643775 /* Assets.xcassets in Resources */ = {isa = PBXBuildFile; fileRef = 8021421127BA823700643775 /* Assets.xcassets */; };
		8021421527BA823700643775 /* Preview Assets.xcassets in Resources */ = {isa = PBXBuildFile; fileRef = 8021421427BA823700643775 /* Preview Assets.xcassets */; };
		8021422027BA823700643775 /* wssocks_ustb_clientTests.swift in Sources */ = {isa = PBXBuildFile; fileRef = 8021421F27BA823700643775 /* wssocks_ustb_clientTests.swift */; };
		8021422A27BA823700643775 /* wssocks_ustb_clientUITests.swift in Sources */ = {isa = PBXBuildFile; fileRef = 8021422927BA823700643775 /* wssocks_ustb_clientUITests.swift */; };
		8021422C27BA823700643775 /* wssocks_ustb_clientUITestsLaunchTests.swift in Sources */ = {isa = PBXBuildFile; fileRef = 8021422B27BA823700643775 /* wssocks_ustb_clientUITestsLaunchTests.swift */; };
		8021423927BA82F400643775 /* wssocksClientApi.swift in Sources */ = {isa = PBXBuildFile; fileRef = 8021423827BA82F400643775 /* wssocksClientApi.swift */; };
		8021423B27BA83B100643775 /* EventMonitor.swift in Sources */ = {isa = PBXBuildFile; fileRef = 8021423A27BA83B100643775 /* EventMonitor.swift */; };
		8021423E27BA86F500643775 /* Configs.swift in Sources */ = {isa = PBXBuildFile; fileRef = 8021423D27BA86F500643775 /* Configs.swift */; };
		8021424227BA889F00643775 /* MenuBarView.swift in Sources */ = {isa = PBXBuildFile; fileRef = 8021424127BA889F00643775 /* MenuBarView.swift */; };
/* End PBXBuildFile section */

/* Begin PBXContainerItemProxy section */
		8021421C27BA823700643775 /* PBXContainerItemProxy */ = {
			isa = PBXContainerItemProxy;
			containerPortal = 8021420227BA823500643775 /* Project object */;
			proxyType = 1;
			remoteGlobalIDString = 8021420927BA823500643775;
			remoteInfo = "wssocks-ustb-client";
		};
		8021422627BA823700643775 /* PBXContainerItemProxy */ = {
			isa = PBXContainerItemProxy;
			containerPortal = 8021420227BA823500643775 /* Project object */;
			proxyType = 1;
			remoteGlobalIDString = 8021420927BA823500643775;
			remoteInfo = "wssocks-ustb-client";
		};
/* End PBXContainerItemProxy section */

/* Begin PBXFileReference section */
		8021420A27BA823500643775 /* wssocks-ustb-client.app */ = {isa = PBXFileReference; explicitFileType = wrapper.application; includeInIndex = 0; path = "wssocks-ustb-client.app"; sourceTree = BUILT_PRODUCTS_DIR; };
		8021420D27BA823500643775 /* AppDelegate.swift */ = {isa = PBXFileReference; lastKnownFileType = sourcecode.swift; path = AppDelegate.swift; sourceTree = "<group>"; };
		8021420F27BA823500643775 /* ContentView.swift */ = {isa = PBXFileReference; lastKnownFileType = sourcecode.swift; path = ContentView.swift; sourceTree = "<group>"; };
		8021421127BA823700643775 /* Assets.xcassets */ = {isa = PBXFileReference; lastKnownFileType = folder.assetcatalog; path = Assets.xcassets; sourceTree = "<group>"; };
		8021421427BA823700643775 /* Preview Assets.xcassets */ = {isa = PBXFileReference; lastKnownFileType = folder.assetcatalog; path = "Preview Assets.xcassets"; sourceTree = "<group>"; };
		8021421627BA823700643775 /* wssocks_ustb_client.entitlements */ = {isa = PBXFileReference; lastKnownFileType = text.plist.entitlements; path = wssocks_ustb_client.entitlements; sourceTree = "<group>"; };
		8021421B27BA823700643775 /* wssocks-ustb-clientTests.xctest */ = {isa = PBXFileReference; explicitFileType = wrapper.cfbundle; includeInIndex = 0; path = "wssocks-ustb-clientTests.xctest"; sourceTree = BUILT_PRODUCTS_DIR; };
		8021421F27BA823700643775 /* wssocks_ustb_clientTests.swift */ = {isa = PBXFileReference; lastKnownFileType = sourcecode.swift; path = wssocks_ustb_clientTests.swift; sourceTree = "<group>"; };
		8021422527BA823700643775 /* wssocks-ustb-clientUITests.xctest */ = {isa = PBXFileReference; explicitFileType = wrapper.cfbundle; includeInIndex = 0; path = "wssocks-ustb-clientUITests.xctest"; sourceTree = BUILT_PRODUCTS_DIR; };
		8021422927BA823700643775 /* wssocks_ustb_clientUITests.swift */ = {isa = PBXFileReference; lastKnownFileType = sourcecode.swift; path = wssocks_ustb_clientUITests.swift; sourceTree = "<group>"; };
		8021422B27BA823700643775 /* wssocks_ustb_clientUITestsLaunchTests.swift */ = {isa = PBXFileReference; lastKnownFileType = sourcecode.swift; path = wssocks_ustb_clientUITestsLaunchTests.swift; sourceTree = "<group>"; };
		8021423827BA82F400643775 /* wssocksClientApi.swift */ = {isa = PBXFileReference; lastKnownFileType = sourcecode.swift; path = wssocksClientApi.swift; sourceTree = "<group>"; };
		8021423A27BA83B100643775 /* EventMonitor.swift */ = {isa = PBXFileReference; lastKnownFileType = sourcecode.swift; path = EventMonitor.swift; sourceTree = "<group>"; };
		8021423C27BA859200643775 /* Info.plist */ = {isa = PBXFileReference; lastKnownFileType = text.plist; path = Info.plist; sourceTree = "<group>"; };
		8021423D27BA86F500643775 /* Configs.swift */ = {isa = PBXFileReference; lastKnownFileType = sourcecode.swift; path = Configs.swift; sourceTree = "<group>"; };
		8021424127BA889F00643775 /* MenuBarView.swift */ = {isa = PBXFileReference; lastKnownFileType = sourcecode.swift; path = MenuBarView.swift; sourceTree = "<group>"; };
/* End PBXFileReference section */

/* Begin PBXFrameworksBuildPhase section */
		8021420727BA823500643775 /* Frameworks */ = {
			isa = PBXFrameworksBuildPhase;
			buildActionMask = 2147483647;
			files = (
			);
			runOnlyForDeploymentPostprocessing = 0;
		};
		8021421827BA823700643775 /* Frameworks */ = {
			isa = PBXFrameworksBuildPhase;
			buildActionMask = 2147483647;
			files = (
			);
			runOnlyForDeploymentPostprocessing = 0;
		};
		8021422227BA823700643775 /* Frameworks */ = {
			isa = PBXFrameworksBuildPhase;
			buildActionMask = 2147483647;
			files = (
			);
			runOnlyForDeploymentPostprocessing = 0;
		};
/* End PBXFrameworksBuildPhase section */

/* Begin PBXGroup section */
		8021420127BA823500643775 = {
			isa = PBXGroup;
			children = (
				8021420C27BA823500643775 /* wssocks-ustb-client */,
				8021421E27BA823700643775 /* wssocks-ustb-clientTests */,
				8021422827BA823700643775 /* wssocks-ustb-clientUITests */,
				8021420B27BA823500643775 /* Products */,
			);
			sourceTree = "<group>";
		};
		8021420B27BA823500643775 /* Products */ = {
			isa = PBXGroup;
			children = (
				8021420A27BA823500643775 /* wssocks-ustb-client.app */,
				8021421B27BA823700643775 /* wssocks-ustb-clientTests.xctest */,
				8021422527BA823700643775 /* wssocks-ustb-clientUITests.xctest */,
			);
			name = Products;
			sourceTree = "<group>";
		};
		8021420C27BA823500643775 /* wssocks-ustb-client */ = {
			isa = PBXGroup;
			children = (
				8021424027BA888700643775 /* menu */,
				8021423C27BA859200643775 /* Info.plist */,
				8021420D27BA823500643775 /* AppDelegate.swift */,
				8021420F27BA823500643775 /* ContentView.swift */,
				8021421127BA823700643775 /* Assets.xcassets */,
				8021421627BA823700643775 /* wssocks_ustb_client.entitlements */,
				8021421327BA823700643775 /* Preview Content */,
				8021423827BA82F400643775 /* wssocksClientApi.swift */,
				8021423A27BA83B100643775 /* EventMonitor.swift */,
				8021423D27BA86F500643775 /* Configs.swift */,
			);
			path = "wssocks-ustb-client";
			sourceTree = "<group>";
		};
		8021421327BA823700643775 /* Preview Content */ = {
			isa = PBXGroup;
			children = (
				8021421427BA823700643775 /* Preview Assets.xcassets */,
			);
			path = "Preview Content";
			sourceTree = "<group>";
		};
		8021421E27BA823700643775 /* wssocks-ustb-clientTests */ = {
			isa = PBXGroup;
			children = (
				8021421F27BA823700643775 /* wssocks_ustb_clientTests.swift */,
			);
			path = "wssocks-ustb-clientTests";
			sourceTree = "<group>";
		};
		8021422827BA823700643775 /* wssocks-ustb-clientUITests */ = {
			isa = PBXGroup;
			children = (
				8021422927BA823700643775 /* wssocks_ustb_clientUITests.swift */,
				8021422B27BA823700643775 /* wssocks_ustb_clientUITestsLaunchTests.swift */,
			);
			path = "wssocks-ustb-clientUITests";
			sourceTree = "<group>";
		};
		8021424027BA888700643775 /* menu */ = {
			isa = PBXGroup;
			children = (
				8021424127BA889F00643775 /* MenuBarView.swift */,
			);
			path = menu;
			sourceTree = "<group>";
		};
/* End PBXGroup section */

/* Begin PBXNativeTarget section */
		8021420927BA823500643775 /* wssocks-ustb-client */ = {
			isa = PBXNativeTarget;
			buildConfigurationList = 8021422F27BA823700643775 /* Build configuration list for PBXNativeTarget "wssocks-ustb-client" */;
			buildPhases = (
				8021420627BA823500643775 /* Sources */,
				8021420727BA823500643775 /* Frameworks */,
				8021420827BA823500643775 /* Resources */,
			);
			buildRules = (
			);
			dependencies = (
			);
			name = "wssocks-ustb-client";
			productName = "wssocks-ustb-client";
			productReference = 8021420A27BA823500643775 /* wssocks-ustb-client.app */;
			productType = "com.apple.product-type.application";
		};
		8021421A27BA823700643775 /* wssocks-ustb-clientTests */ = {
			isa = PBXNativeTarget;
			buildConfigurationList = 8021423227BA823700643775 /* Build configuration list for PBXNativeTarget "wssocks-ustb-clientTests" */;
			buildPhases = (
				8021421727BA823700643775 /* Sources */,
				8021421827BA823700643775 /* Frameworks */,
				8021421927BA823700643775 /* Resources */,
			);
			buildRules = (
			);
			dependencies = (
				8021421D27BA823700643775 /* PBXTargetDependency */,
			);
			name = "wssocks-ustb-clientTests";
			productName = "wssocks-ustb-clientTests";
			productReference = 8021421B27BA823700643775 /* wssocks-ustb-clientTests.xctest */;
			productType = "com.apple.product-type.bundle.unit-test";
		};
		8021422427BA823700643775 /* wssocks-ustb-clientUITests */ = {
			isa = PBXNativeTarget;
			buildConfigurationList = 8021423527BA823700643775 /* Build configuration list for PBXNativeTarget "wssocks-ustb-clientUITests" */;
			buildPhases = (
				8021422127BA823700643775 /* Sources */,
				8021422227BA823700643775 /* Frameworks */,
				8021422327BA823700643775 /* Resources */,
			);
			buildRules = (
			);
			dependencies = (
				8021422727BA823700643775 /* PBXTargetDependency */,
			);
			name = "wssocks-ustb-clientUITests";
			productName = "wssocks-ustb-clientUITests";
			productReference = 8021422527BA823700643775 /* wssocks-ustb-clientUITests.xctest */;
			productType = "com.apple.product-type.bundle.ui-testing";
		};
/* End PBXNativeTarget section */

/* Begin PBXProject section */
		8021420227BA823500643775 /* Project object */ = {
			isa = PBXProject;
			attributes = {
				BuildIndependentTargetsInParallel = 1;
				LastSwiftUpdateCheck = 1320;
				LastUpgradeCheck = 1320;
				TargetAttributes = {
					8021420927BA823500643775 = {
						CreatedOnToolsVersion = 13.2.1;
					};
					8021421A27BA823700643775 = {
						CreatedOnToolsVersion = 13.2.1;
						TestTargetID = 8021420927BA823500643775;
					};
					8021422427BA823700643775 = {
						CreatedOnToolsVersion = 13.2.1;
						TestTargetID = 8021420927BA823500643775;
					};
				};
			};
			buildConfigurationList = 8021420527BA823500643775 /* Build configuration list for PBXProject "wssocks-ustb-client" */;
			compatibilityVersion = "Xcode 13.0";
			developmentRegion = en;
			hasScannedForEncodings = 0;
			knownRegions = (
				en,
				Base,
			);
			mainGroup = 8021420127BA823500643775;
			productRefGroup = 8021420B27BA823500643775 /* Products */;
			projectDirPath = "";
			projectRoot = "";
			targets = (
				8021420927BA823500643775 /* wssocks-ustb-client */,
				8021421A27BA823700643775 /* wssocks-ustb-clientTests */,
				8021422427BA823700643775 /* wssocks-ustb-clientUITests */,
			);
		};
/* End PBXProject section */

/* Begin PBXResourcesBuildPhase section */
		8021420827BA823500643775 /* Resources */ = {
			isa = PBXResourcesBuildPhase;
			buildActionMask = 2147483647;
			files = (
				8021421527BA823700643775 /* Preview Assets.xcassets in Resources */,
				8021421227BA823700643775 /* Assets.xcassets in Resources */,
			);
			runOnlyForDeploymentPostprocessing = 0;
		};
		8021421927BA823700643775 /* Resources */ = {
			isa = PBXResourcesBuildPhase;
			buildActionMask = 2147483647;
			files = (
			);
			runOnlyForDeploymentPostprocessing = 0;
		};
		8021422327BA823700643775 /* Resources */ = {
			isa = PBXResourcesBuildPhase;
			buildActionMask = 2147483647;
			files = (
			);
			runOnlyForDeploymentPostprocessing = 0;
		};
/* End PBXResourcesBuildPhase section */

/* Begin PBXSourcesBuildPhase section */
		8021420627BA823500643775 /* Sources */ = {
			isa = PBXSourcesBuildPhase;
			buildActionMask = 2147483647;
			files = (
				8021423E27BA86F500643775 /* Configs.swift in Sources */,
				8021423927BA82F400643775 /* wssocksClientApi.swift in Sources */,
				8021421027BA823500643775 /* ContentView.swift in Sources */,
				8021424227BA889F00643775 /* MenuBarView.swift in Sources */,
				8021420E27BA823500643775 /* AppDelegate.swift in Sources */,
				8021423B27BA83B100643775 /* EventMonitor.swift in Sources */,
			);
			runOnlyForDeploymentPostprocessing = 0;
		};
		8021421727BA823700643775 /* Sources */ = {
			isa = PBXSourcesBuildPhase;
			buildActionMask = 2147483647;
			files = (
				8021422027BA823700643775 /* wssocks_ustb_clientTests.swift in Sources */,
			);
			runOnlyForDeploymentPostprocessing = 0;
		};
		8021422127BA823700643775 /* Sources */ = {
			isa = PBXSourcesBuildPhase;
			buildActionMask = 2147483647;
			files = (
				8021422A27BA823700643775 /* wssocks_ustb_clientUITests.swift in Sources */,
				8021422C27BA823700643775 /* wssocks_ustb_clientUITestsLaunchTests.swift in Sources */,
			);
			runOnlyForDeploymentPostprocessing = 0;
		};
/* End PBXSourcesBuildPhase section */

/* Begin PBXTargetDependency section */
		8021421D27BA823700643775 /* PBXTargetDependency */ = {
			isa = PBXTargetDependency;
			target = 8021420927BA823500643775 /* wssocks-ustb-client */;
			targetProxy = 8021421C27BA823700643775 /* PBXContainerItemProxy */;
		};
		8021422727BA823700643775 /* PBXTargetDependency */ = {
			isa = PBXTargetDependency;
			target = 8021420927BA823500643775 /* wssocks-ustb-client */;
			targetProxy = 8021422627BA823700643775 /* PBXContainerItemProxy */;
		};
/* End PBXTargetDependency section */

/* Begin XCBuildConfiguration section */
		8021422D27BA823700643775 /* Debug */ = {
			isa = XCBuildConfiguration;
			buildSettings = {
				ALWAYS_SEARCH_USER_PATHS = NO;
				CLANG_ANALYZER_NONNULL = YES;
				CLANG_ANALYZER_NUMBER_OBJECT_CONVERSION = YES_AGGRESSIVE;
				CLANG_CXX_LANGUAGE_STANDARD = "gnu++17";
				CLANG_CXX_LIBRARY = "libc++";
				CLANG_ENABLE_MODULES = YES;
				CLANG_ENABLE_OBJC_ARC = YES;
				CLANG_ENABLE_OBJC_WEAK = YES;
				CLANG_WARN_BLOCK_CAPTURE_AUTORELEASING = YES;
				CLANG_WARN_BOOL_CONVERSION = YES;
				CLANG_WARN_COMMA = YES;
				CLANG_WARN_CONSTANT_CONVERSION = YES;
				CLANG_WARN_DEPRECATED_OBJC_IMPLEMENTATIONS = YES;
				CLANG_WARN_DIRECT_OBJC_ISA_USAGE = YES_ERROR;
				CLANG_WARN_DOCUMENTATION_COMMENTS = YES;
				CLANG_WARN_EMPTY_BODY = YES;
				CLANG_WARN_ENUM_CONVERSION = YES;
				CLANG_WARN_INFINITE_RECURSION = YES;
				CLANG_WARN_INT_CONVERSION = YES;
				CLANG_WARN_NON_LITERAL_NULL_CONVERSION = YES;
				CLANG_WARN_OBJC_IMPLICIT_RETAIN_SELF = YES;
				CLANG_WARN_OBJC_LITERAL_CONVERSION = YES;
				CLANG_WARN_OBJC_ROOT_CLASS = YES_ERROR;
				CLANG_WARN_QUOTED_INCLUDE_IN_FRAMEWORK_HEADER = YES;
				CLANG_WARN_RANGE_LOOP_ANALYSIS = YES;
				CLANG_WARN_STRICT_PROTOTYPES = YES;
				CLANG_WARN_SUSPICIOUS_MOVE = YES;
				CLANG_WARN_UNGUARDED_AVAILABILITY = YES_AGGRESSIVE;
				CLANG_WARN_UNREACHABLE_CODE = YES;
				CLANG_WARN__DUPLICATE_METHOD_MATCH = YES;
				COPY_PHASE_STRIP = NO;
				DEBUG_INFORMATION_FORMAT = dwarf;
				ENABLE_STRICT_OBJC_MSGSEND = YES;
				ENABLE_TESTABILITY = YES;
				GCC_C_LANGUAGE_STANDARD = gnu11;
				GCC_DYNAMIC_NO_PIC = NO;
				GCC_NO_COMMON_BLOCKS = YES;
				GCC_OPTIMIZATION_LEVEL = 0;
				GCC_PREPROCESSOR_DEFINITIONS = (
					"DEBUG=1",
					"$(inherited)",
				);
				GCC_WARN_64_TO_32_BIT_CONVERSION = YES;
				GCC_WARN_ABOUT_RETURN_TYPE = YES_ERROR;
				GCC_WARN_UNDECLARED_SELECTOR = YES;
				GCC_WARN_UNINITIALIZED_AUTOS = YES_AGGRESSIVE;
				GCC_WARN_UNUSED_FUNCTION = YES;
				GCC_WARN_UNUSED_VARIABLE = YES;
				MACOSX_DEPLOYMENT_TARGET = 12.1;
				MTL_ENABLE_DEBUG_INFO = INCLUDE_SOURCE;
				MTL_FAST_MATH = YES;
				ONLY_ACTIVE_ARCH = YES;
				SDKROOT = macosx;
				SWIFT_ACTIVE_COMPILATION_CONDITIONS = DEBUG;
				SWIFT_OPTIMIZATION_LEVEL = "-Onone";
			};
			name = Debug;
		};
		8021422E27BA823700643775 /* Release */ = {
			isa = XCBuildConfiguration;
			buildSettings = {
				ALWAYS_SEARCH_USER_PATHS = NO;
				CLANG_ANALYZER_NONNULL = YES;
				CLANG_ANALYZER_NUMBER_OBJECT_CONVERSION = YES_AGGRESSIVE;
				CLANG_CXX_LANGUAGE_STANDARD = "gnu++17";
				CLANG_CXX_LIBRARY = "libc++";
				CLANG_ENABLE_MODULES = YES;
				CLANG_ENABLE_OBJC_ARC = YES;
				CLANG_ENABLE_OBJC_WEAK = YES;
				CLANG_WARN_BLOCK_CAPTURE_AUTORELEASING = YES;
				CLANG_WARN_BOOL_CONVERSION = YES;
				CLANG_WARN_COMMA = YES;
				CLANG_WARN_CONSTANT_CONVERSION = YES;
				CLANG_WARN_DEPRECATED_OBJC_IMPLEMENTATIONS = YES;
				CLANG_WARN_DIRECT_OBJC_ISA_USAGE = YES_ERROR;
				CLANG_WARN_DOCUMENTATION_COMMENTS = YES;
				CLANG_WARN_EMPTY_BODY = YES;
				CLANG_WARN_ENUM_CONVERSION = YES;
				CLANG_WARN_INFINITE_RECURSION = YES;
				CLANG_WARN_INT_CONVERSION = YES;
				CLANG_WARN_NON_LITERAL_NULL_CONVERSION = YES;
				CLANG_WARN_OBJC_IMPLICIT_RETAIN_SELF = YES;
				CLANG_WARN_OBJC_LITERAL_CONVERSION = YES;
				CLANG_WARN_OBJC_ROOT_CLASS = YES_ERROR;
				CLANG_WARN_QUOTED_INCLUDE_IN_FRAMEWORK_HEADER = YES;
				CLANG_WARN_RANGE_LOOP_ANALYSIS = YES;
				CLANG_WARN_STRICT_PROTOTYPES = YES;
				CLANG_WARN_SUSPICIOUS_MOVE = YES;
				CLANG_WARN_UNGUARDED_AVAILABILITY = YES_AGGRESSIVE;
				CLANG_WARN_UNREACHABLE_CODE = YES;
				CLANG_WARN__DUPLICATE_METHOD_MATCH = YES;
				COPY_PHASE_STRIP = NO;
				DEBUG_INFORMATION_FORMAT = "dwarf-with-dsym";
				ENABLE_NS_ASSERTIONS = NO;
				ENABLE_STRICT_OBJC_MSGSEND = YES;
				GCC_C_LANGUAGE_STANDARD = gnu11;
				GCC_NO_COMMON_BLOCKS = YES;
				GCC_WARN_64_TO_32_BIT_CONVERSION = YES;
				GCC_WARN_ABOUT_RETURN_TYPE = YES_ERROR;
				GCC_WARN_UNDECLARED_SELECTOR = YES;
				GCC_WARN_UNINITIALIZED_AUTOS = YES_AGGRESSIVE;
				GCC_WARN_UNUSED_FUNCTION = YES;
				GCC_WARN_UNUSED_VARIABLE = YES;
				MACOSX_DEPLOYMENT_TARGET = 12.1;
				MTL_ENABLE_DEBUG_INFO = NO;
				MTL_FAST_MATH = YES;
				SDKROOT = macosx;
				SWIFT_COMPILATION_MODE = wholemodule;
				SWIFT_OPTIMIZATION_LEVEL = "-O";
			};
			name = Release;
		};
		8021423027BA823700643775 /* Debug */ = {
			isa = XCBuildConfiguration;
			buildSettings = {
				ALLOW_TARGET_PLATFORM_SPECIALIZATION = NO;
				ARCHS = "$(ARCHS_STANDARD)";
				ASSETCATALOG_COMPILER_APPICON_NAME = AppIcon;
				ASSETCATALOG_COMPILER_GLOBAL_ACCENT_COLOR_NAME = AccentColor;
				CODE_SIGN_ENTITLEMENTS = "wssocks-ustb-client/wssocks_ustb_client.entitlements";
				CODE_SIGN_IDENTITY = "-";
				CODE_SIGN_STYLE = Automatic;
				COMBINE_HIDPI_IMAGES = YES;
				CURRENT_PROJECT_VERSION = 2;
				DEVELOPMENT_ASSET_PATHS = "\"wssocks-ustb-client/Preview Content\"";
				DEVELOPMENT_TEAM = "";
				ENABLE_HARDENED_RUNTIME = YES;
				ENABLE_PREVIEWS = YES;
				EXCLUDED_ARCHS = "";
				GENERATE_INFOPLIST_FILE = YES;
				HEADER_SEARCH_PATHS = "${SRCROOT}/";
				INFOPLIST_FILE = "wssocks-ustb-client/Info.plist";
				INFOPLIST_KEY_LSApplicationCategoryType = "public.app-category.utilities";
				INFOPLIST_KEY_NSHumanReadableCopyright = "";
				LD_RUNPATH_SEARCH_PATHS = (
					"$(inherited)",
					"@executable_path/../Frameworks",
				);
				LIBRARY_SEARCH_PATHS = "${SRCROOT}/../extra/go-api";
				MARKETING_VERSION = 0.7.0;
				PRODUCT_BUNDLE_IDENTIFIER = "com.github.genshen.wssocks-ustb-client";
				PRODUCT_NAME = "$(TARGET_NAME)";
				PROVISIONING_PROFILE_SPECIFIER = "";
				SWIFT_EMIT_LOC_STRINGS = YES;
				SWIFT_VERSION = 5.0;
			};
			name = Debug;
		};
		8021423127BA823700643775 /* Release */ = {
			isa = XCBuildConfiguration;
			buildSettings = {
				ALLOW_TARGET_PLATFORM_SPECIALIZATION = NO;
				ARCHS = "$(ARCHS_STANDARD)";
				ASSETCATALOG_COMPILER_APPICON_NAME = AppIcon;
				ASSETCATALOG_COMPILER_GLOBAL_ACCENT_COLOR_NAME = AccentColor;
				CODE_SIGN_ENTITLEMENTS = "wssocks-ustb-client/wssocks_ustb_client.entitlements";
				CODE_SIGN_IDENTITY = "-";
				CODE_SIGN_STYLE = Automatic;
				COMBINE_HIDPI_IMAGES = YES;
				CURRENT_PROJECT_VERSION = 2;
				DEVELOPMENT_ASSET_PATHS = "\"wssocks-ustb-client/Preview Content\"";
				DEVELOPMENT_TEAM = "";
				ENABLE_HARDENED_RUNTIME = YES;
				ENABLE_PREVIEWS = YES;
				EXCLUDED_ARCHS = "";
				GENERATE_INFOPLIST_FILE = YES;
				HEADER_SEARCH_PATHS = "${SRCROOT}/";
				INFOPLIST_FILE = "wssocks-ustb-client/Info.plist";
				INFOPLIST_KEY_LSApplicationCategoryType = "public.app-category.utilities";
				INFOPLIST_KEY_NSHumanReadableCopyright = "";
				LD_RUNPATH_SEARCH_PATHS = (
					"$(inherited)",
					"@executable_path/../Frameworks",
				);
				LIBRARY_SEARCH_PATHS = "${SRCROOT}/../extra/go-api";
				MARKETING_VERSION = 0.7.0;
				PRODUCT_BUNDLE_IDENTIFIER = "com.github.genshen.wssocks-ustb-client";
				PRODUCT_NAME = "$(TARGET_NAME)";
				PROVISIONING_PROFILE_SPECIFIER = "";
				SWIFT_EMIT_LOC_STRINGS = YES;
				SWIFT_VERSION = 5.0;
			};
			name = Release;
		};
		8021423327BA823700643775 /* Debug */ = {
			isa = XCBuildConfiguration;
			buildSettings = {
				ALWAYS_EMBED_SWIFT_STANDARD_LIBRARIES = YES;
				BUNDLE_LOADER = "$(TEST_HOST)";
				CODE_SIGN_STYLE = Automatic;
				CURRENT_PROJECT_VERSION = 1;
				DEVELOPMENT_TEAM = 225G88CH2L;
				GENERATE_INFOPLIST_FILE = YES;
				MACOSX_DEPLOYMENT_TARGET = 12.1;
				MARKETING_VERSION = 1.0;
				PRODUCT_BUNDLE_IDENTIFIER = "gensh.me.wssocks-ustb-clientTests";
				PRODUCT_NAME = "$(TARGET_NAME)";
				SWIFT_EMIT_LOC_STRINGS = NO;
				SWIFT_VERSION = 5.0;
				TEST_HOST = "$(BUILT_PRODUCTS_DIR)/wssocks-ustb-client.app/Contents/MacOS/wssocks-ustb-client";
			};
			name = Debug;
		};
		8021423427BA823700643775 /* Release */ = {
			isa = XCBuildConfiguration;
			buildSettings = {
				ALWAYS_EMBED_SWIFT_STANDARD_LIBRARIES = YES;
				BUNDLE_LOADER = "$(TEST_HOST)";
				CODE_SIGN_STYLE = Automatic;
				CURRENT_PROJECT_VERSION = 1;
				DEVELOPMENT_TEAM = 225G88CH2L;
				GENERATE_INFOPLIST_FILE = YES;
				MACOSX_DEPLOYMENT_TARGET = 12.1;
				MARKETING_VERSION = 1.0;
				PRODUCT_BUNDLE_IDENTIFIER = "gensh.me.wssocks-ustb-clientTests";
				PRODUCT_NAME = "$(TARGET_NAME)";
				SWIFT_EMIT_LOC_STRINGS = NO;
				SWIFT_VERSION = 5.0;
				TEST_HOST = "$(BUILT_PRODUCTS_DIR)/wssocks-ustb-client.app/Contents/MacOS/wssocks-ustb-client";
			};
			name = Release;
		};
		8021423627BA823700643775 /* Debug */ = {
			isa = XCBuildConfiguration;
			buildSettings = {
				ALWAYS_EMBED_SWIFT_STANDARD_LIBRARIES = YES;
				CODE_SIGN_STYLE = Automatic;
				CURRENT_PROJECT_VERSION = 1;
				DEVELOPMENT_TEAM = 225G88CH2L;
				GENERATE_INFOPLIST_FILE = YES;
				MARKETING_VERSION = 1.0;
				PRODUCT_BUNDLE_IDENTIFIER = "gensh.me.wssocks-ustb-clientUITests";
				PRODUCT_NAME = "$(TARGET_NAME)";
				SWIFT_EMIT_LOC_STRINGS = NO;
				SWIFT_VERSION = 5.0;
				TEST_TARGET_NAME = "wssocks-ustb-client";
			};
			name = Debug;
		};
		8021423727BA823700643775 /* Release */ = {
			isa = XCBuildConfiguration;
			buildSettings = {
				ALWAYS_EMBED_SWIFT_STANDARD_LIBRARIES = YES;
				CODE_SIGN_STYLE = Automatic;
				CURRENT_PROJECT_VERSION = 1;
				DEVELOPMENT_TEAM = 225G88CH2L;
				GENERATE_INFOPLIST_FILE = YES;
				MARKETING_VERSION = 1.0;
				PRODUCT_BUNDLE_IDENTIFIER = "gensh.me.wssocks-ustb-clientUITests";
				PRODUCT_NAME = "$(TARGET_NAME)";
				SWIFT_EMIT_LOC_STRINGS = NO;
				SWIFT_VERSION = 5.0;
				TEST_TARGET_NAME = "wssocks-ustb-client";
			};
			name = Release;
		};
/* End XCBuildConfiguration section */

/* Begin XCConfigurationList section */
		8021420527BA823500643775 /* Build configuration list for PBXProject "wssocks-ustb-client" */ = {
			isa = XCConfigurationList;
			buildConfigurations = (
				8021422D27BA823700643775 /* Debug */,
				8021422E27BA823700643775 /* Release */,
			);
			defaultConfigurationIsVisible = 0;
			defaultConfigurationName = Release;
		};
		8021422F27BA823700643775 /* Build configuration list for PBXNativeTarget "wssocks-ustb-client" */ = {
			isa = XCConfigurationList;
			buildConfigurations = (
				8021423027BA823700643775 /* Debug */,
				8021423127BA823700643775 /* Release */,
			);
			defaultConfigurationIsVisible = 0;
			defaultConfigurationName = Release;
		};
		8021423227BA823700643775 /* Build configuration list for PBXNativeTarget "wssocks-ustb-clientTests" */ = {
			isa = XCConfigurationList;
			buildConfigurations = (
				8021423327BA823700643775 /* Debug */,
				8021423427BA823700643775 /* Release */,
			);
			defaultConfigurationIsVisible = 0;
			defaultConfigurationName = Release;
		};
		8021423527BA823700643775 /* Build configuration list for PBXNativeTarget "wssocks-ustb-clientUITests" */ = {
			isa = XCConfigurationList;
			buildConfigurations = (
				8021423627BA823700643775 /* Debug */,
				8021423727BA823700643775 /* Release */,
			);
			defaultConfigurationIsVisible = 0;
			defaultConfigurationName = Release;
		};
/* End XCConfigurationList section */
	};
	rootObject = 8021420227BA823500643775 /* Project object */;
}
